// !$*UTF8*$!
{
	archiveVersion = 1;
	classes = {
	};
	objectVersion = 56;
	objects = {

/* Begin PBXBuildFile section */
		EB0688912BBBD904004C1C1E /* ImagesListCell.swift in Sources */ = {isa = PBXBuildFile; fileRef = EB0688902BBBD904004C1C1E /* ImagesListCell.swift */; };
		EB3094892B9C761C00EE7893 /* AppDelegate.swift in Sources */ = {isa = PBXBuildFile; fileRef = EB3094882B9C761C00EE7893 /* AppDelegate.swift */; };
		EB30948B2B9C761C00EE7893 /* SceneDelegate.swift in Sources */ = {isa = PBXBuildFile; fileRef = EB30948A2B9C761C00EE7893 /* SceneDelegate.swift */; };
		EB30948D2B9C761C00EE7893 /* ImagesListViewController.swift in Sources */ = {isa = PBXBuildFile; fileRef = EB30948C2B9C761C00EE7893 /* ImagesListViewController.swift */; };
		EB3094902B9C761C00EE7893 /* Main.storyboard in Resources */ = {isa = PBXBuildFile; fileRef = EB30948E2B9C761C00EE7893 /* Main.storyboard */; };
		EB3094922B9C761D00EE7893 /* Assets.xcassets in Resources */ = {isa = PBXBuildFile; fileRef = EB3094912B9C761D00EE7893 /* Assets.xcassets */; };
		EB3094952B9C761D00EE7893 /* LaunchScreen.storyboard in Resources */ = {isa = PBXBuildFile; fileRef = EB3094932B9C761D00EE7893 /* LaunchScreen.storyboard */; };
		EB3094A02B9C761D00EE7893 /* imageFeedAppTests.swift in Sources */ = {isa = PBXBuildFile; fileRef = EB30949F2B9C761D00EE7893 /* imageFeedAppTests.swift */; };
		EB3094AA2B9C761D00EE7893 /* imageFeedAppUITests.swift in Sources */ = {isa = PBXBuildFile; fileRef = EB3094A92B9C761D00EE7893 /* imageFeedAppUITests.swift */; };
		EB3094AC2B9C761D00EE7893 /* imageFeedAppUITestsLaunchTests.swift in Sources */ = {isa = PBXBuildFile; fileRef = EB3094AB2B9C761D00EE7893 /* imageFeedAppUITestsLaunchTests.swift */; };
/* End PBXBuildFile section */

/* Begin PBXContainerItemProxy section */
		EB30949C2B9C761D00EE7893 /* PBXContainerItemProxy */ = {
			isa = PBXContainerItemProxy;
			containerPortal = EB30947D2B9C761C00EE7893 /* Project object */;
			proxyType = 1;
			remoteGlobalIDString = EB3094842B9C761C00EE7893;
			remoteInfo = imageFeedApp;
		};
		EB3094A62B9C761D00EE7893 /* PBXContainerItemProxy */ = {
			isa = PBXContainerItemProxy;
			containerPortal = EB30947D2B9C761C00EE7893 /* Project object */;
			proxyType = 1;
			remoteGlobalIDString = EB3094842B9C761C00EE7893;
			remoteInfo = imageFeedApp;
		};
/* End PBXContainerItemProxy section */

/* Begin PBXFileReference section */
		EB0688902BBBD904004C1C1E /* ImagesListCell.swift */ = {isa = PBXFileReference; lastKnownFileType = sourcecode.swift; path = ImagesListCell.swift; sourceTree = "<group>"; };
		EB3094852B9C761C00EE7893 /* imageFeedApp.app */ = {isa = PBXFileReference; explicitFileType = wrapper.application; includeInIndex = 0; path = imageFeedApp.app; sourceTree = BUILT_PRODUCTS_DIR; };
		EB3094882B9C761C00EE7893 /* AppDelegate.swift */ = {isa = PBXFileReference; lastKnownFileType = sourcecode.swift; path = AppDelegate.swift; sourceTree = "<group>"; };
		EB30948A2B9C761C00EE7893 /* SceneDelegate.swift */ = {isa = PBXFileReference; lastKnownFileType = sourcecode.swift; path = SceneDelegate.swift; sourceTree = "<group>"; };
		EB30948C2B9C761C00EE7893 /* ImagesListViewController.swift */ = {isa = PBXFileReference; lastKnownFileType = sourcecode.swift; path = ImagesListViewController.swift; sourceTree = "<group>"; };
		EB30948F2B9C761C00EE7893 /* Base */ = {isa = PBXFileReference; lastKnownFileType = file.storyboard; name = Base; path = Base.lproj/Main.storyboard; sourceTree = "<group>"; };
		EB3094912B9C761D00EE7893 /* Assets.xcassets */ = {isa = PBXFileReference; lastKnownFileType = folder.assetcatalog; path = Assets.xcassets; sourceTree = "<group>"; };
		EB3094942B9C761D00EE7893 /* Base */ = {isa = PBXFileReference; lastKnownFileType = file.storyboard; name = Base; path = Base.lproj/LaunchScreen.storyboard; sourceTree = "<group>"; };
		EB3094962B9C761D00EE7893 /* Info.plist */ = {isa = PBXFileReference; lastKnownFileType = text.plist.xml; path = Info.plist; sourceTree = "<group>"; };
		EB30949B2B9C761D00EE7893 /* imageFeedAppTests.xctest */ = {isa = PBXFileReference; explicitFileType = wrapper.cfbundle; includeInIndex = 0; path = imageFeedAppTests.xctest; sourceTree = BUILT_PRODUCTS_DIR; };
		EB30949F2B9C761D00EE7893 /* imageFeedAppTests.swift */ = {isa = PBXFileReference; lastKnownFileType = sourcecode.swift; path = imageFeedAppTests.swift; sourceTree = "<group>"; };
		EB3094A52B9C761D00EE7893 /* imageFeedAppUITests.xctest */ = {isa = PBXFileReference; explicitFileType = wrapper.cfbundle; includeInIndex = 0; path = imageFeedAppUITests.xctest; sourceTree = BUILT_PRODUCTS_DIR; };
		EB3094A92B9C761D00EE7893 /* imageFeedAppUITests.swift */ = {isa = PBXFileReference; lastKnownFileType = sourcecode.swift; path = imageFeedAppUITests.swift; sourceTree = "<group>"; };
		EB3094AB2B9C761D00EE7893 /* imageFeedAppUITestsLaunchTests.swift */ = {isa = PBXFileReference; lastKnownFileType = sourcecode.swift; path = imageFeedAppUITestsLaunchTests.swift; sourceTree = "<group>"; };
/* End PBXFileReference section */

/* Begin PBXFrameworksBuildPhase section */
		EB3094822B9C761C00EE7893 /* Frameworks */ = {
			isa = PBXFrameworksBuildPhase;
			buildActionMask = 2147483647;
			files = (
			);
			runOnlyForDeploymentPostprocessing = 0;
		};
		EB3094982B9C761D00EE7893 /* Frameworks */ = {
			isa = PBXFrameworksBuildPhase;
			buildActionMask = 2147483647;
			files = (
			);
			runOnlyForDeploymentPostprocessing = 0;
		};
		EB3094A22B9C761D00EE7893 /* Frameworks */ = {
			isa = PBXFrameworksBuildPhase;
			buildActionMask = 2147483647;
			files = (
			);
			runOnlyForDeploymentPostprocessing = 0;
		};
/* End PBXFrameworksBuildPhase section */

/* Begin PBXGroup section */
		EB0688922BBBD988004C1C1E /* ImagesList */ = {
			isa = PBXGroup;
			children = (
				EB30948C2B9C761C00EE7893 /* ImagesListViewController.swift */,
				EB0688902BBBD904004C1C1E /* ImagesListCell.swift */,
			);
			path = ImagesList;
			sourceTree = "<group>";
		};
		EB30947C2B9C761C00EE7893 = {
			isa = PBXGroup;
			children = (
				EB0688922BBBD988004C1C1E /* ImagesList */,
				EB3094872B9C761C00EE7893 /* imageFeedApp */,
				EB30949E2B9C761D00EE7893 /* imageFeedAppTests */,
				EB3094A82B9C761D00EE7893 /* imageFeedAppUITests */,
				EB3094862B9C761C00EE7893 /* Products */,
			);
			sourceTree = "<group>";
		};
		EB3094862B9C761C00EE7893 /* Products */ = {
			isa = PBXGroup;
			children = (
				EB3094852B9C761C00EE7893 /* imageFeedApp.app */,
				EB30949B2B9C761D00EE7893 /* imageFeedAppTests.xctest */,
				EB3094A52B9C761D00EE7893 /* imageFeedAppUITests.xctest */,
			);
			name = Products;
			sourceTree = "<group>";
		};
		EB3094872B9C761C00EE7893 /* imageFeedApp */ = {
			isa = PBXGroup;
			children = (
				EB3094882B9C761C00EE7893 /* AppDelegate.swift */,
				EB30948A2B9C761C00EE7893 /* SceneDelegate.swift */,
				EB30948E2B9C761C00EE7893 /* Main.storyboard */,
				EB3094912B9C761D00EE7893 /* Assets.xcassets */,
				EB3094932B9C761D00EE7893 /* LaunchScreen.storyboard */,
				EB3094962B9C761D00EE7893 /* Info.plist */,
			);
			path = imageFeedApp;
			sourceTree = "<group>";
		};
		EB30949E2B9C761D00EE7893 /* imageFeedAppTests */ = {
			isa = PBXGroup;
			children = (
				EB30949F2B9C761D00EE7893 /* imageFeedAppTests.swift */,
			);
			path = imageFeedAppTests;
			sourceTree = "<group>";
		};
		EB3094A82B9C761D00EE7893 /* imageFeedAppUITests */ = {
			isa = PBXGroup;
			children = (
				EB3094A92B9C761D00EE7893 /* imageFeedAppUITests.swift */,
				EB3094AB2B9C761D00EE7893 /* imageFeedAppUITestsLaunchTests.swift */,
			);
			path = imageFeedAppUITests;
			sourceTree = "<group>";
		};
/* End PBXGroup section */

/* Begin PBXNativeTarget section */
		EB3094842B9C761C00EE7893 /* imageFeedApp */ = {
			isa = PBXNativeTarget;
			buildConfigurationList = EB3094AF2B9C761D00EE7893 /* Build configuration list for PBXNativeTarget "imageFeedApp" */;
			buildPhases = (
				EB3094812B9C761C00EE7893 /* Sources */,
				EB3094822B9C761C00EE7893 /* Frameworks */,
				EB3094832B9C761C00EE7893 /* Resources */,
			);
			buildRules = (
			);
			dependencies = (
			);
			name = imageFeedApp;
			productName = imageFeedApp;
			productReference = EB3094852B9C761C00EE7893 /* imageFeedApp.app */;
			productType = "com.apple.product-type.application";
		};
		EB30949A2B9C761D00EE7893 /* imageFeedAppTests */ = {
			isa = PBXNativeTarget;
			buildConfigurationList = EB3094B22B9C761D00EE7893 /* Build configuration list for PBXNativeTarget "imageFeedAppTests" */;
			buildPhases = (
				EB3094972B9C761D00EE7893 /* Sources */,
				EB3094982B9C761D00EE7893 /* Frameworks */,
				EB3094992B9C761D00EE7893 /* Resources */,
			);
			buildRules = (
			);
			dependencies = (
				EB30949D2B9C761D00EE7893 /* PBXTargetDependency */,
			);
			name = imageFeedAppTests;
			productName = imageFeedAppTests;
			productReference = EB30949B2B9C761D00EE7893 /* imageFeedAppTests.xctest */;
			productType = "com.apple.product-type.bundle.unit-test";
		};
		EB3094A42B9C761D00EE7893 /* imageFeedAppUITests */ = {
			isa = PBXNativeTarget;
			buildConfigurationList = EB3094B52B9C761D00EE7893 /* Build configuration list for PBXNativeTarget "imageFeedAppUITests" */;
			buildPhases = (
				EB3094A12B9C761D00EE7893 /* Sources */,
				EB3094A22B9C761D00EE7893 /* Frameworks */,
				EB3094A32B9C761D00EE7893 /* Resources */,
			);
			buildRules = (
			);
			dependencies = (
				EB3094A72B9C761D00EE7893 /* PBXTargetDependency */,
			);
			name = imageFeedAppUITests;
			productName = imageFeedAppUITests;
			productReference = EB3094A52B9C761D00EE7893 /* imageFeedAppUITests.xctest */;
			productType = "com.apple.product-type.bundle.ui-testing";
		};
/* End PBXNativeTarget section */

/* Begin PBXProject section */
		EB30947D2B9C761C00EE7893 /* Project object */ = {
			isa = PBXProject;
			attributes = {
				BuildIndependentTargetsInParallel = 1;
				LastSwiftUpdateCheck = 1500;
				LastUpgradeCheck = 1500;
				TargetAttributes = {
					EB3094842B9C761C00EE7893 = {
						CreatedOnToolsVersion = 15.0.1;
						LastSwiftMigration = 1500;
					};
					EB30949A2B9C761D00EE7893 = {
						CreatedOnToolsVersion = 15.0.1;
						TestTargetID = EB3094842B9C761C00EE7893;
					};
					EB3094A42B9C761D00EE7893 = {
						CreatedOnToolsVersion = 15.0.1;
						TestTargetID = EB3094842B9C761C00EE7893;
					};
				};
			};
			buildConfigurationList = EB3094802B9C761C00EE7893 /* Build configuration list for PBXProject "imageFeedApp" */;
			compatibilityVersion = "Xcode 14.0";
			developmentRegion = en;
			hasScannedForEncodings = 0;
			knownRegions = (
				en,
				Base,
			);
			mainGroup = EB30947C2B9C761C00EE7893;
			productRefGroup = EB3094862B9C761C00EE7893 /* Products */;
			projectDirPath = "";
			projectRoot = "";
			targets = (
				EB3094842B9C761C00EE7893 /* imageFeedApp */,
				EB30949A2B9C761D00EE7893 /* imageFeedAppTests */,
				EB3094A42B9C761D00EE7893 /* imageFeedAppUITests */,
			);
		};
/* End PBXProject section */

/* Begin PBXResourcesBuildPhase section */
		EB3094832B9C761C00EE7893 /* Resources */ = {
			isa = PBXResourcesBuildPhase;
			buildActionMask = 2147483647;
			files = (
				EB3094952B9C761D00EE7893 /* LaunchScreen.storyboard in Resources */,
				EB3094922B9C761D00EE7893 /* Assets.xcassets in Resources */,
				EB3094902B9C761C00EE7893 /* Main.storyboard in Resources */,
			);
			runOnlyForDeploymentPostprocessing = 0;
		};
		EB3094992B9C761D00EE7893 /* Resources */ = {
			isa = PBXResourcesBuildPhase;
			buildActionMask = 2147483647;
			files = (
			);
			runOnlyForDeploymentPostprocessing = 0;
		};
		EB3094A32B9C761D00EE7893 /* Resources */ = {
			isa = PBXResourcesBuildPhase;
			buildActionMask = 2147483647;
			files = (
			);
			runOnlyForDeploymentPostprocessing = 0;
		};
/* End PBXResourcesBuildPhase section */

/* Begin PBXSourcesBuildPhase section */
		EB3094812B9C761C00EE7893 /* Sources */ = {
			isa = PBXSourcesBuildPhase;
			buildActionMask = 2147483647;
			files = (
				EB30948D2B9C761C00EE7893 /* ImagesListViewController.swift in Sources */,
				EB0688912BBBD904004C1C1E /* ImagesListCell.swift in Sources */,
				EB3094892B9C761C00EE7893 /* AppDelegate.swift in Sources */,
				EB30948B2B9C761C00EE7893 /* SceneDelegate.swift in Sources */,
			);
			runOnlyForDeploymentPostprocessing = 0;
		};
		EB3094972B9C761D00EE7893 /* Sources */ = {
			isa = PBXSourcesBuildPhase;
			buildActionMask = 2147483647;
			files = (
				EB3094A02B9C761D00EE7893 /* imageFeedAppTests.swift in Sources */,
			);
			runOnlyForDeploymentPostprocessing = 0;
		};
		EB3094A12B9C761D00EE7893 /* Sources */ = {
			isa = PBXSourcesBuildPhase;
			buildActionMask = 2147483647;
			files = (
				EB3094AC2B9C761D00EE7893 /* imageFeedAppUITestsLaunchTests.swift in Sources */,
				EB3094AA2B9C761D00EE7893 /* imageFeedAppUITests.swift in Sources */,
			);
			runOnlyForDeploymentPostprocessing = 0;
		};
/* End PBXSourcesBuildPhase section */

/* Begin PBXTargetDependency section */
		EB30949D2B9C761D00EE7893 /* PBXTargetDependency */ = {
			isa = PBXTargetDependency;
			target = EB3094842B9C761C00EE7893 /* imageFeedApp */;
			targetProxy = EB30949C2B9C761D00EE7893 /* PBXContainerItemProxy */;
		};
		EB3094A72B9C761D00EE7893 /* PBXTargetDependency */ = {
			isa = PBXTargetDependency;
			target = EB3094842B9C761C00EE7893 /* imageFeedApp */;
			targetProxy = EB3094A62B9C761D00EE7893 /* PBXContainerItemProxy */;
		};
/* End PBXTargetDependency section */

/* Begin PBXVariantGroup section */
		EB30948E2B9C761C00EE7893 /* Main.storyboard */ = {
			isa = PBXVariantGroup;
			children = (
				EB30948F2B9C761C00EE7893 /* Base */,
			);
			name = Main.storyboard;
			sourceTree = "<group>";
		};
		EB3094932B9C761D00EE7893 /* LaunchScreen.storyboard */ = {
			isa = PBXVariantGroup;
			children = (
				EB3094942B9C761D00EE7893 /* Base */,
			);
			name = LaunchScreen.storyboard;
			sourceTree = "<group>";
		};
/* End PBXVariantGroup section */

/* Begin XCBuildConfiguration section */
		EB3094AD2B9C761D00EE7893 /* Debug */ = {
			isa = XCBuildConfiguration;
			buildSettings = {
				ALWAYS_SEARCH_USER_PATHS = NO;
				ASSETCATALOG_COMPILER_GENERATE_SWIFT_ASSET_SYMBOL_EXTENSIONS = YES;
				CLANG_ANALYZER_NONNULL = YES;
				CLANG_ANALYZER_NUMBER_OBJECT_CONVERSION = YES_AGGRESSIVE;
				CLANG_CXX_LANGUAGE_STANDARD = "gnu++20";
				CLANG_ENABLE_MODULES = YES;
				CLANG_ENABLE_OBJC_ARC = YES;
				CLANG_ENABLE_OBJC_WEAK = YES;
				CLANG_WARN_BLOCK_CAPTURE_AUTORELEASING = YES;
				CLANG_WARN_BOOL_CONVERSION = YES;
				CLANG_WARN_COMMA = YES;
				CLANG_WARN_CONSTANT_CONVERSION = YES;
				CLANG_WARN_DEPRECATED_OBJC_IMPLEMENTATIONS = YES;
				CLANG_WARN_DIRECT_OBJC_ISA_USAGE = YES_ERROR;
				CLANG_WARN_DOCUMENTATION_COMMENTS = YES;
				CLANG_WARN_EMPTY_BODY = YES;
				CLANG_WARN_ENUM_CONVERSION = YES;
				CLANG_WARN_INFINITE_RECURSION = YES;
				CLANG_WARN_INT_CONVERSION = YES;
				CLANG_WARN_NON_LITERAL_NULL_CONVERSION = YES;
				CLANG_WARN_OBJC_IMPLICIT_RETAIN_SELF = YES;
				CLANG_WARN_OBJC_LITERAL_CONVERSION = YES;
				CLANG_WARN_OBJC_ROOT_CLASS = YES_ERROR;
				CLANG_WARN_QUOTED_INCLUDE_IN_FRAMEWORK_HEADER = YES;
				CLANG_WARN_RANGE_LOOP_ANALYSIS = YES;
				CLANG_WARN_STRICT_PROTOTYPES = YES;
				CLANG_WARN_SUSPICIOUS_MOVE = YES;
				CLANG_WARN_UNGUARDED_AVAILABILITY = YES_AGGRESSIVE;
				CLANG_WARN_UNREACHABLE_CODE = YES;
				CLANG_WARN__DUPLICATE_METHOD_MATCH = YES;
				COPY_PHASE_STRIP = NO;
				DEBUG_INFORMATION_FORMAT = dwarf;
				ENABLE_STRICT_OBJC_MSGSEND = YES;
				ENABLE_TESTABILITY = YES;
				ENABLE_USER_SCRIPT_SANDBOXING = YES;
				GCC_C_LANGUAGE_STANDARD = gnu17;
				GCC_DYNAMIC_NO_PIC = NO;
				GCC_NO_COMMON_BLOCKS = YES;
				GCC_OPTIMIZATION_LEVEL = 0;
				GCC_PREPROCESSOR_DEFINITIONS = (
					"DEBUG=1",
					"$(inherited)",
				);
				GCC_WARN_64_TO_32_BIT_CONVERSION = YES;
				GCC_WARN_ABOUT_RETURN_TYPE = YES_ERROR;
				GCC_WARN_UNDECLARED_SELECTOR = YES;
				GCC_WARN_UNINITIALIZED_AUTOS = YES_AGGRESSIVE;
				GCC_WARN_UNUSED_FUNCTION = YES;
				GCC_WARN_UNUSED_VARIABLE = YES;
				IPHONEOS_DEPLOYMENT_TARGET = 13.0;
				LOCALIZATION_PREFERS_STRING_CATALOGS = YES;
				MTL_ENABLE_DEBUG_INFO = INCLUDE_SOURCE;
				MTL_FAST_MATH = YES;
				ONLY_ACTIVE_ARCH = YES;
				SDKROOT = iphoneos;
				SWIFT_ACTIVE_COMPILATION_CONDITIONS = "DEBUG $(inherited)";
				SWIFT_OPTIMIZATION_LEVEL = "-Onone";
			};
			name = Debug;
		};
		EB3094AE2B9C761D00EE7893 /* Release */ = {
			isa = XCBuildConfiguration;
			buildSettings = {
				ALWAYS_SEARCH_USER_PATHS = NO;
				ASSETCATALOG_COMPILER_GENERATE_SWIFT_ASSET_SYMBOL_EXTENSIONS = YES;
				CLANG_ANALYZER_NONNULL = YES;
				CLANG_ANALYZER_NUMBER_OBJECT_CONVERSION = YES_AGGRESSIVE;
				CLANG_CXX_LANGUAGE_STANDARD = "gnu++20";
				CLANG_ENABLE_MODULES = YES;
				CLANG_ENABLE_OBJC_ARC = YES;
				CLANG_ENABLE_OBJC_WEAK = YES;
				CLANG_WARN_BLOCK_CAPTURE_AUTORELEASING = YES;
				CLANG_WARN_BOOL_CONVERSION = YES;
				CLANG_WARN_COMMA = YES;
				CLANG_WARN_CONSTANT_CONVERSION = YES;
				CLANG_WARN_DEPRECATED_OBJC_IMPLEMENTATIONS = YES;
				CLANG_WARN_DIRECT_OBJC_ISA_USAGE = YES_ERROR;
				CLANG_WARN_DOCUMENTATION_COMMENTS = YES;
				CLANG_WARN_EMPTY_BODY = YES;
				CLANG_WARN_ENUM_CONVERSION = YES;
				CLANG_WARN_INFINITE_RECURSION = YES;
				CLANG_WARN_INT_CONVERSION = YES;
				CLANG_WARN_NON_LITERAL_NULL_CONVERSION = YES;
				CLANG_WARN_OBJC_IMPLICIT_RETAIN_SELF = YES;
				CLANG_WARN_OBJC_LITERAL_CONVERSION = YES;
				CLANG_WARN_OBJC_ROOT_CLASS = YES_ERROR;
				CLANG_WARN_QUOTED_INCLUDE_IN_FRAMEWORK_HEADER = YES;
				CLANG_WARN_RANGE_LOOP_ANALYSIS = YES;
				CLANG_WARN_STRICT_PROTOTYPES = YES;
				CLANG_WARN_SUSPICIOUS_MOVE = YES;
				CLANG_WARN_UNGUARDED_AVAILABILITY = YES_AGGRESSIVE;
				CLANG_WARN_UNREACHABLE_CODE = YES;
				CLANG_WARN__DUPLICATE_METHOD_MATCH = YES;
				COPY_PHASE_STRIP = NO;
				DEBUG_INFORMATION_FORMAT = "dwarf-with-dsym";
				ENABLE_NS_ASSERTIONS = NO;
				ENABLE_STRICT_OBJC_MSGSEND = YES;
				ENABLE_USER_SCRIPT_SANDBOXING = YES;
				GCC_C_LANGUAGE_STANDARD = gnu17;
				GCC_NO_COMMON_BLOCKS = YES;
				GCC_WARN_64_TO_32_BIT_CONVERSION = YES;
				GCC_WARN_ABOUT_RETURN_TYPE = YES_ERROR;
				GCC_WARN_UNDECLARED_SELECTOR = YES;
				GCC_WARN_UNINITIALIZED_AUTOS = YES_AGGRESSIVE;
				GCC_WARN_UNUSED_FUNCTION = YES;
				GCC_WARN_UNUSED_VARIABLE = YES;
				IPHONEOS_DEPLOYMENT_TARGET = 13.0;
				LOCALIZATION_PREFERS_STRING_CATALOGS = YES;
				MTL_ENABLE_DEBUG_INFO = NO;
				MTL_FAST_MATH = YES;
				SDKROOT = iphoneos;
				SWIFT_COMPILATION_MODE = wholemodule;
				VALIDATE_PRODUCT = YES;
			};
			name = Release;
		};
		EB3094B02B9C761D00EE7893 /* Debug */ = {
			isa = XCBuildConfiguration;
			buildSettings = {
				ASSETCATALOG_COMPILER_APPICON_NAME = AppIcon;
				ASSETCATALOG_COMPILER_GLOBAL_ACCENT_COLOR_NAME = AccentColor;
				CLANG_ENABLE_MODULES = YES;
				CODE_SIGN_STYLE = Automatic;
				CURRENT_PROJECT_VERSION = 1;
				DEVELOPMENT_TEAM = 3MGJP6RG7D;
				GENERATE_INFOPLIST_FILE = YES;
				INFOPLIST_FILE = imageFeedApp/Info.plist;
				INFOPLIST_KEY_UIApplicationSupportsIndirectInputEvents = YES;
				INFOPLIST_KEY_UILaunchStoryboardName = LaunchScreen;
				INFOPLIST_KEY_UIMainStoryboardFile = Main;
				INFOPLIST_KEY_UIStatusBarStyle = "";
				INFOPLIST_KEY_UISupportedInterfaceOrientations_iPad = "UIInterfaceOrientationPortrait UIInterfaceOrientationPortraitUpsideDown UIInterfaceOrientationLandscapeLeft UIInterfaceOrientationLandscapeRight";
				INFOPLIST_KEY_UISupportedInterfaceOrientations_iPhone = "UIInterfaceOrientationPortrait UIInterfaceOrientationLandscapeLeft UIInterfaceOrientationLandscapeRight";
				IPHONEOS_DEPLOYMENT_TARGET = 13.0;
				LD_RUNPATH_SEARCH_PATHS = (
					"$(inherited)",
					"@executable_path/Frameworks",
				);
				MARKETING_VERSION = 1.0;
				PRODUCT_BUNDLE_IDENTIFIER = "https---github.com-roudYStorm.imageFeedApp";
				PRODUCT_NAME = "$(TARGET_NAME)";
				SUPPORTED_PLATFORMS = "iphoneos iphonesimulator";
				SUPPORTS_MACCATALYST = NO;
				SUPPORTS_MAC_DESIGNED_FOR_IPHONE_IPAD = NO;
				SWIFT_EMIT_LOC_STRINGS = YES;
				SWIFT_OPTIMIZATION_LEVEL = "-Onone";
				SWIFT_VERSION = 5.0;
				TARGETED_DEVICE_FAMILY = 1;
			};
			name = Debug;
		};
		EB3094B12B9C761D00EE7893 /* Release */ = {
			isa = XCBuildConfiguration;
			buildSettings = {
				ASSETCATALOG_COMPILER_APPICON_NAME = AppIcon;
				ASSETCATALOG_COMPILER_GLOBAL_ACCENT_COLOR_NAME = AccentColor;
				CLANG_ENABLE_MODULES = YES;
				CODE_SIGN_STYLE = Automatic;
				CURRENT_PROJECT_VERSION = 1;
				DEVELOPMENT_TEAM = 3MGJP6RG7D;
				GENERATE_INFOPLIST_FILE = YES;
				INFOPLIST_FILE = imageFeedApp/Info.plist;
				INFOPLIST_KEY_UIApplicationSupportsIndirectInputEvents = YES;
				INFOPLIST_KEY_UILaunchStoryboardName = LaunchScreen;
				INFOPLIST_KEY_UIMainStoryboardFile = Main;
				INFOPLIST_KEY_UIStatusBarStyle = "";
				INFOPLIST_KEY_UISupportedInterfaceOrientations_iPad = "UIInterfaceOrientationPortrait UIInterfaceOrientationPortraitUpsideDown UIInterfaceOrientationLandscapeLeft UIInterfaceOrientationLandscapeRight";
				INFOPLIST_KEY_UISupportedInterfaceOrientations_iPhone = "UIInterfaceOrientationPortrait UIInterfaceOrientationLandscapeLeft UIInterfaceOrientationLandscapeRight";
				IPHONEOS_DEPLOYMENT_TARGET = 13.0;
				LD_RUNPATH_SEARCH_PATHS = (
					"$(inherited)",
					"@executable_path/Frameworks",
				);
				MARKETING_VERSION = 1.0;
				PRODUCT_BUNDLE_IDENTIFIER = "https---github.com-roudYStorm.imageFeedApp";
				PRODUCT_NAME = "$(TARGET_NAME)";
				SUPPORTED_PLATFORMS = "iphoneos iphonesimulator";
				SUPPORTS_MACCATALYST = NO;
				SUPPORTS_MAC_DESIGNED_FOR_IPHONE_IPAD = NO;
				SWIFT_EMIT_LOC_STRINGS = YES;
				SWIFT_VERSION = 5.0;
				TARGETED_DEVICE_FAMILY = 1;
			};
			name = Release;
		};
		EB3094B32B9C761D00EE7893 /* Debug */ = {
			isa = XCBuildConfiguration;
			buildSettings = {
				ALWAYS_EMBED_SWIFT_STANDARD_LIBRARIES = YES;
				BUNDLE_LOADER = "$(TEST_HOST)";
				CODE_SIGN_STYLE = Automatic;
				CURRENT_PROJECT_VERSION = 1;
				DEVELOPMENT_TEAM = 3MGJP6RG7D;
				GENERATE_INFOPLIST_FILE = YES;
				IPHONEOS_DEPLOYMENT_TARGET = 17.0;
				MARKETING_VERSION = 1.0;
				PRODUCT_BUNDLE_IDENTIFIER = "https---github.com-roudYStorm.imageFeedAppTests";
				PRODUCT_NAME = "$(TARGET_NAME)";
				SWIFT_EMIT_LOC_STRINGS = NO;
				SWIFT_VERSION = 5.0;
				TARGETED_DEVICE_FAMILY = "1,2";
				TEST_HOST = "$(BUILT_PRODUCTS_DIR)/imageFeedApp.app/$(BUNDLE_EXECUTABLE_FOLDER_PATH)/imageFeedApp";
			};
			name = Debug;
		};
		EB3094B42B9C761D00EE7893 /* Release */ = {
			isa = XCBuildConfiguration;
			buildSettings = {
				ALWAYS_EMBED_SWIFT_STANDARD_LIBRARIES = YES;
				BUNDLE_LOADER = "$(TEST_HOST)";
				CODE_SIGN_STYLE = Automatic;
				CURRENT_PROJECT_VERSION = 1;
				DEVELOPMENT_TEAM = 3MGJP6RG7D;
				GENERATE_INFOPLIST_FILE = YES;
				IPHONEOS_DEPLOYMENT_TARGET = 17.0;
				MARKETING_VERSION = 1.0;
				PRODUCT_BUNDLE_IDENTIFIER = "https---github.com-roudYStorm.imageFeedAppTests";
				PRODUCT_NAME = "$(TARGET_NAME)";
				SWIFT_EMIT_LOC_STRINGS = NO;
				SWIFT_VERSION = 5.0;
				TARGETED_DEVICE_FAMILY = "1,2";
				TEST_HOST = "$(BUILT_PRODUCTS_DIR)/imageFeedApp.app/$(BUNDLE_EXECUTABLE_FOLDER_PATH)/imageFeedApp";
			};
			name = Release;
		};
		EB3094B62B9C761D00EE7893 /* Debug */ = {
			isa = XCBuildConfiguration;
			buildSettings = {
				ALWAYS_EMBED_SWIFT_STANDARD_LIBRARIES = YES;
				CODE_SIGN_STYLE = Automatic;
				CURRENT_PROJECT_VERSION = 1;
				DEVELOPMENT_TEAM = 3MGJP6RG7D;
				GENERATE_INFOPLIST_FILE = YES;
				MARKETING_VERSION = 1.0;
				PRODUCT_BUNDLE_IDENTIFIER = "https---github.com-roudYStorm.imageFeedAppUITests";
				PRODUCT_NAME = "$(TARGET_NAME)";
				SWIFT_EMIT_LOC_STRINGS = NO;
				SWIFT_VERSION = 5.0;
				TARGETED_DEVICE_FAMILY = "1,2";
				TEST_TARGET_NAME = imageFeedApp;
			};
			name = Debug;
		};
		EB3094B72B9C761D00EE7893 /* Release */ = {
			isa = XCBuildConfiguration;
			buildSettings = {
				ALWAYS_EMBED_SWIFT_STANDARD_LIBRARIES = YES;
				CODE_SIGN_STYLE = Automatic;
				CURRENT_PROJECT_VERSION = 1;
				DEVELOPMENT_TEAM = 3MGJP6RG7D;
				GENERATE_INFOPLIST_FILE = YES;
				MARKETING_VERSION = 1.0;
				PRODUCT_BUNDLE_IDENTIFIER = "https---github.com-roudYStorm.imageFeedAppUITests";
				PRODUCT_NAME = "$(TARGET_NAME)";
				SWIFT_EMIT_LOC_STRINGS = NO;
				SWIFT_VERSION = 5.0;
				TARGETED_DEVICE_FAMILY = "1,2";
				TEST_TARGET_NAME = imageFeedApp;
			};
			name = Release;
		};
/* End XCBuildConfiguration section */

/* Begin XCConfigurationList section */
		EB3094802B9C761C00EE7893 /* Build configuration list for PBXProject "imageFeedApp" */ = {
			isa = XCConfigurationList;
			buildConfigurations = (
				EB3094AD2B9C761D00EE7893 /* Debug */,
				EB3094AE2B9C761D00EE7893 /* Release */,
			);
			defaultConfigurationIsVisible = 0;
			defaultConfigurationName = Release;
		};
		EB3094AF2B9C761D00EE7893 /* Build configuration list for PBXNativeTarget "imageFeedApp" */ = {
			isa = XCConfigurationList;
			buildConfigurations = (
				EB3094B02B9C761D00EE7893 /* Debug */,
				EB3094B12B9C761D00EE7893 /* Release */,
			);
			defaultConfigurationIsVisible = 0;
			defaultConfigurationName = Release;
		};
		EB3094B22B9C761D00EE7893 /* Build configuration list for PBXNativeTarget "imageFeedAppTests" */ = {
			isa = XCConfigurationList;
			buildConfigurations = (
				EB3094B32B9C761D00EE7893 /* Debug */,
				EB3094B42B9C761D00EE7893 /* Release */,
			);
			defaultConfigurationIsVisible = 0;
			defaultConfigurationName = Release;
		};
		EB3094B52B9C761D00EE7893 /* Build configuration list for PBXNativeTarget "imageFeedAppUITests" */ = {
			isa = XCConfigurationList;
			buildConfigurations = (
				EB3094B62B9C761D00EE7893 /* Debug */,
				EB3094B72B9C761D00EE7893 /* Release */,
			);
			defaultConfigurationIsVisible = 0;
			defaultConfigurationName = Release;
		};
/* End XCConfigurationList section */
	};
	rootObject = EB30947D2B9C761C00EE7893 /* Project object */;
}
